PODS:
  - Firebase/CoreOnly (6.1.0):
    - FirebaseCore (= 6.0.1)
  - Firebase/MLVision (6.1.0):
    - Firebase/CoreOnly
    - FirebaseMLVision (~> 0.16.0)
  - Firebase/MLVisionTextModel (6.1.0):
    - Firebase/CoreOnly
    - FirebaseMLVisionTextModel (~> 0.16.0)
  - FirebaseCore (6.0.1):
    - GoogleUtilities/Environment (~> 6.0)
    - GoogleUtilities/Logger (~> 6.0)
  - FirebaseInstanceID (4.2.7):
    - FirebaseCore (~> 6.0)
    - GoogleUtilities/Environment (~> 6.0)
    - GoogleUtilities/UserDefaults (~> 6.0)
  - FirebaseMLCommon (0.17.0):
    - FirebaseCore (~> 6.0)
    - FirebaseInstanceID (~> 4.2)
    - GoogleUtilities/UserDefaults (~> 6.0)
    - GTMSessionFetcher/Core (~> 1.1)
  - FirebaseMLVision (0.16.0):
    - FirebaseCore (~> 6.0)
    - FirebaseMLCommon (~> 0.16)
    - GoogleAPIClientForREST/Core (~> 1.3)
    - GoogleAPIClientForREST/Vision (~> 1.3)
    - GoogleMobileVision/Detector (~> 1.4)
  - FirebaseMLVisionTextModel (0.16.0):
    - GoogleMobileVision/TextDetector (~> 1.4)
  - GoogleAPIClientForREST/Core (1.3.10):
    - GTMSessionFetcher (>= 1.1.7)
  - GoogleAPIClientForREST/Vision (1.3.10):
    - GoogleAPIClientForREST/Core
    - GTMSessionFetcher (>= 1.1.7)
  - GoogleMobileVision/Detector (1.6.0):
    - GoogleToolboxForMac/Logger (~> 2.1)
    - "GoogleToolboxForMac/NSData+zlib (~> 2.1)"
    - GTMSessionFetcher/Core (~> 1.1)
    - Protobuf (~> 3.1)
  - GoogleMobileVision/TextDetector (1.6.0):
    - GoogleMobileVision/Detector (~> 1.6)
  - GoogleToolboxForMac/Defines (2.2.2)
  - GoogleToolboxForMac/Logger (2.2.2):
    - GoogleToolboxForMac/Defines (= 2.2.2)
  - "GoogleToolboxForMac/NSData+zlib (2.2.2)":
    - GoogleToolboxForMac/Defines (= 2.2.2)
  - GoogleUtilities/Environment (6.4.0)
  - GoogleUtilities/Logger (6.4.0):
    - GoogleUtilities/Environment
  - GoogleUtilities/UserDefaults (6.4.0):
    - GoogleUtilities/Logger
  - GTMSessionFetcher (1.3.0):
    - GTMSessionFetcher/Full (= 1.3.0)
  - GTMSessionFetcher/Core (1.3.0)
  - GTMSessionFetcher/Full (1.3.0):
    - GTMSessionFetcher/Core (= 1.3.0)
  - Protobuf (3.11.2)

DEPENDENCIES:
  - Firebase/MLVision (= 6.1.0)
  - Firebase/MLVisionTextModel (= 6.1.0)

SPEC REPOS:
  trunk:
    - Firebase
    - FirebaseCore
    - FirebaseInstanceID
    - FirebaseMLCommon
    - FirebaseMLVision
    - FirebaseMLVisionTextModel
    - GoogleAPIClientForREST
    - GoogleMobileVision
    - GoogleToolboxForMac
    - GoogleUtilities
    - GTMSessionFetcher
    - Protobuf

SPEC CHECKSUMS:
  Firebase: 8d77bb33624ae9b62d745d82ec023de5f70f7e4f
  FirebaseCore: 66bdef3b310a026880e2a5bc8aa586ab62ce4543
  FirebaseInstanceID: ebd2ea79ee38db0cb5f5167b17a0d387e1cc7b6e
  FirebaseMLCommon: b236f9bc8a020d4c36744d6e402b2fb9d6fe3f6d
  FirebaseMLVision: 35d0a720334b141d70a55e7e817c1cac23f32285
  FirebaseMLVisionTextModel: f5ca6d55bee8f00e08afca69d211fdc4efee1fef
  GoogleAPIClientForREST: 4acfffd77f1c3c8741b6be9eaed0e603278efbde
  GoogleMobileVision: 31cfb4319fd0c03d80105680abd9eae9da5e3b47
  GoogleToolboxForMac: 800648f8b3127618c1b59c7f97684427630c5ea3
  GoogleUtilities: 29bd0d8f850efbd28cff6d99e8b7da1f8d236bcf
  GTMSessionFetcher: 43b8b64263023d4f32caa0b40f4c8bfa3c5f36d8
  Protobuf: dd1aaea7140debfe4dd0683fb8ef208e527ae153

PODFILE CHECKSUM: 8cd7318ade165ce78bfd6ffa713588ccc69b63c1

COCOAPODS: 1.8.4
